
Microsoft Visual Studio Solution File, Format Version 12.00
# Visual Studio Version 17
VisualStudioVersion = 17.9.34622.214
MinimumVisualStudioVersion = 10.0.40219.1
Project("{FAE04EC0-301F-11D3-BF4B-00C04F79EFBC}") = "Project 3", "Project 3\Project 3.csproj", "{419EE928-82D3-45A3-B0B6-9CD8072B90CD}"
EndProject
Global
	GlobalSection(SolutionConfigurationPlatforms) = preSolution
		Debug|Any CPU = Debug|Any CPU
		Release|Any CPU = Release|Any CPU
	EndGlobalSection
	GlobalSection(ProjectConfigurationPlatforms) = postSolution
		{419EE928-82D3-45A3-B0B6-9CD8072B90CD}.Debug|Any CPU.ActiveCfg = Debug|Any CPU
		{419EE928-82D3-45A3-B0B6-9CD8072B90CD}.Debug|Any CPU.Build.0 = Debug|Any CPU
		{419EE928-82D3-45A3-B0B6-9CD8072B90CD}.Release|Any CPU.ActiveCfg = Release|Any CPU
		{419EE928-82D3-45A3-B0B6-9CD8072B90CD}.Release|Any CPU.Build.0 = Release|Any CPU
	EndGlobalSection
	GlobalSection(SolutionProperties) = preSolution
		HideSolutionNode = FALSE
	EndGlobalSection
	GlobalSection(ExtensibilityGlobals) = postSolution
		SolutionGuid = {D44B1947-4F7A-4DF2-93CC-75A2CB0B604B}
	EndGlobalSection
EndGlobal
